
Microsoft Visual Studio Solution File, Format Version 12.00
# Visual Studio Version 17
VisualStudioVersion = 17.3.32901.215
MinimumVisualStudioVersion = 10.0.40219.1
Project("{FAE04EC0-301F-11D3-BF4B-00C04F79EFBC}") = "PointBlank.Battle", "PointBlank.Battle\PointBlank.Battle.csproj", "{1712D40C-1371-4EBA-91F8-66F61716A3F5}"
EndProject
Project("{FAE04EC0-301F-11D3-BF4B-00C04F79EFBC}") = "PointBlank.Core", "PointBlank.Core\PointBlank.Core.csproj", "{DB87623C-09D5-4BDC-AC73-027012B5206B}"
EndProject
Project("{FAE04EC0-301F-11D3-BF4B-00C04F79EFBC}") = "PointBlank.Game", "PointBlank.Game\PointBlank.Game.csproj", "{F26FB9C0-B65F-4717-A2D3-FC925267EAF1}"
EndProject
Project("{FAE04EC0-301F-11D3-BF4B-00C04F79EFBC}") = "PointBlank.Auth", "PointBlank.Auth\PointBlank.Auth.csproj", "{632BC518-2F17-44EA-BB68-7B0895698105}"
EndProject
Global
	GlobalSection(SolutionConfigurationPlatforms) = preSolution
		Debug|Any CPU = Debug|Any CPU
		Debug|x64 = Debug|x64
		Debug|x86 = Debug|x86
		Release|Any CPU = Release|Any CPU
		Release|x64 = Release|x64
		Release|x86 = Release|x86
	EndGlobalSection
	GlobalSection(ProjectConfigurationPlatforms) = postSolution
		{1712D40C-1371-4EBA-91F8-66F61716A3F5}.Debug|Any CPU.ActiveCfg = Debug|Any CPU
		{1712D40C-1371-4EBA-91F8-66F61716A3F5}.Debug|Any CPU.Build.0 = Debug|Any CPU
		{1712D40C-1371-4EBA-91F8-66F61716A3F5}.Debug|x64.ActiveCfg = Debug|Any CPU
		{1712D40C-1371-4EBA-91F8-66F61716A3F5}.Debug|x64.Build.0 = Debug|Any CPU
		{1712D40C-1371-4EBA-91F8-66F61716A3F5}.Debug|x86.ActiveCfg = Debug|Any CPU
		{1712D40C-1371-4EBA-91F8-66F61716A3F5}.Debug|x86.Build.0 = Debug|Any CPU
		{1712D40C-1371-4EBA-91F8-66F61716A3F5}.Release|Any CPU.ActiveCfg = Release|Any CPU
		{1712D40C-1371-4EBA-91F8-66F61716A3F5}.Release|Any CPU.Build.0 = Release|Any CPU
		{1712D40C-1371-4EBA-91F8-66F61716A3F5}.Release|x64.ActiveCfg = Release|Any CPU
		{1712D40C-1371-4EBA-91F8-66F61716A3F5}.Release|x64.Build.0 = Release|Any CPU
		{1712D40C-1371-4EBA-91F8-66F61716A3F5}.Release|x86.ActiveCfg = Release|Any CPU
		{1712D40C-1371-4EBA-91F8-66F61716A3F5}.Release|x86.Build.0 = Release|Any CPU
		{DB87623C-09D5-4BDC-AC73-027012B5206B}.Debug|Any CPU.ActiveCfg = Debug|Any CPU
		{DB87623C-09D5-4BDC-AC73-027012B5206B}.Debug|Any CPU.Build.0 = Debug|Any CPU
		{DB87623C-09D5-4BDC-AC73-027012B5206B}.Debug|x64.ActiveCfg = Debug|Any CPU
		{DB87623C-09D5-4BDC-AC73-027012B5206B}.Debug|x86.ActiveCfg = Debug|Any CPU
		{DB87623C-09D5-4BDC-AC73-027012B5206B}.Release|Any CPU.ActiveCfg = Release|Any CPU
		{DB87623C-09D5-4BDC-AC73-027012B5206B}.Release|Any CPU.Build.0 = Release|Any CPU
		{DB87623C-09D5-4BDC-AC73-027012B5206B}.Release|x64.ActiveCfg = Release|Any CPU
		{DB87623C-09D5-4BDC-AC73-027012B5206B}.Release|x86.ActiveCfg = Release|Any CPU
		{F26FB9C0-B65F-4717-A2D3-FC925267EAF1}.Debug|Any CPU.ActiveCfg = Debug|Any CPU
		{F26FB9C0-B65F-4717-A2D3-FC925267EAF1}.Debug|Any CPU.Build.0 = Debug|Any CPU
		{F26FB9C0-B65F-4717-A2D3-FC925267EAF1}.Debug|x64.ActiveCfg = Debug|Any CPU
		{F26FB9C0-B65F-4717-A2D3-FC925267EAF1}.Debug|x86.ActiveCfg = Debug|Any CPU
		{F26FB9C0-B65F-4717-A2D3-FC925267EAF1}.Release|Any CPU.ActiveCfg = Release|Any CPU
		{F26FB9C0-B65F-4717-A2D3-FC925267EAF1}.Release|Any CPU.Build.0 = Release|Any CPU
		{F26FB9C0-B65F-4717-A2D3-FC925267EAF1}.Release|x64.ActiveCfg = Release|Any CPU
		{F26FB9C0-B65F-4717-A2D3-FC925267EAF1}.Release|x86.ActiveCfg = Release|Any CPU
		{632BC518-2F17-44EA-BB68-7B0895698105}.Debug|Any CPU.ActiveCfg = Debug|Any CPU
		{632BC518-2F17-44EA-BB68-7B0895698105}.Debug|Any CPU.Build.0 = Debug|Any CPU
		{632BC518-2F17-44EA-BB68-7B0895698105}.Debug|x64.ActiveCfg = Debug|Any CPU
		{632BC518-2F17-44EA-BB68-7B0895698105}.Debug|x64.Build.0 = Debug|Any CPU
		{632BC518-2F17-44EA-BB68-7B0895698105}.Debug|x86.ActiveCfg = Debug|Any CPU
		{632BC518-2F17-44EA-BB68-7B0895698105}.Debug|x86.Build.0 = Debug|Any CPU
		{632BC518-2F17-44EA-BB68-7B0895698105}.Release|Any CPU.ActiveCfg = Release|Any CPU
		{632BC518-2F17-44EA-BB68-7B0895698105}.Release|Any CPU.Build.0 = Release|Any CPU
		{632BC518-2F17-44EA-BB68-7B0895698105}.Release|x64.ActiveCfg = Release|Any CPU
		{632BC518-2F17-44EA-BB68-7B0895698105}.Release|x64.Build.0 = Release|Any CPU
		{632BC518-2F17-44EA-BB68-7B0895698105}.Release|x86.ActiveCfg = Release|Any CPU
		{632BC518-2F17-44EA-BB68-7B0895698105}.Release|x86.Build.0 = Release|Any CPU
	EndGlobalSection
	GlobalSection(SolutionProperties) = preSolution
		HideSolutionNode = FALSE
	EndGlobalSection
	GlobalSection(ExtensibilityGlobals) = postSolution
		SolutionGuid = {9FBF7CD4-DAE7-456C-9200-F83E29100B03}
	EndGlobalSection
EndGlobal
